
Microsoft Visual Studio Solution File, Format Version 12.00
# Visual Studio Version 17
VisualStudioVersion = 17.1.32421.90
MinimumVisualStudioVersion = 10.0.40219.1
Project("{FAE04EC0-301F-11D3-BF4B-00C04F79EFBC}") = "ImageMask", "ImageMask.csproj", "{54C6E80B-138E-4072-85C0-809D4DE976C0}"
EndProject
Global
	GlobalSection(SolutionConfigurationPlatforms) = preSolution
		Debug|Any CPU = Debug|Any CPU
		Release|Any CPU = Release|Any CPU
	EndGlobalSection
	GlobalSection(ProjectConfigurationPlatforms) = postSolution
		{54C6E80B-138E-4072-85C0-809D4DE976C0}.Debug|Any CPU.ActiveCfg = Debug|Any CPU
		{54C6E80B-138E-4072-85C0-809D4DE976C0}.Debug|Any CPU.Build.0 = Debug|Any CPU
		{54C6E80B-138E-4072-85C0-809D4DE976C0}.Release|Any CPU.ActiveCfg = Release|Any CPU
		{54C6E80B-138E-4072-85C0-809D4DE976C0}.Release|Any CPU.Build.0 = Release|Any CPU
	EndGlobalSection
	GlobalSection(SolutionProperties) = preSolution
		HideSolutionNode = FALSE
	EndGlobalSection
	GlobalSection(ExtensibilityGlobals) = postSolution
		SolutionGuid = {C9BA9A5C-56F2-4E7A-9386-F9E433EBA35F}
	EndGlobalSection
EndGlobal
